lockfileVersion: 5.4

specifiers:
  '@skypack/package-check': ^0.2.2
  find-useless-files-plugin: ^1.0.0

devDependencies:
  '@skypack/package-check': 0.2.2
  find-useless-files-plugin: 1.0.0

packages:

  /@skypack/package-check/0.2.2:
    resolution: {integrity: sha512-T4Wyi9lUuz0a1C2OHuzqZ0aFOCI0AmaGTb2LP9sHgWdoHXlB3JU02gfBpa0Y081G/gFsJYpQ/R0iCJRzF/nknw==}
    hasBin: true
    dependencies:
      kleur: 4.1.5
      yargs-parser: 20.2.9
    dev: true

  /find-useless-files-plugin/1.0.0:
    resolution: {integrity: sha512-AkeBaL89ncVREcHJbD104VorgblTwbWRyH6ZwZhKZ4+VGsYxk5i6K3CNG0pvS1ij0AHO8tIO3OoiLIia6obmdw==}
    dev: true

  /kleur/4.1.5:
    resolution: {integrity: sha512-o+NO+8WrRiQEE4/7nwRJhN1HWpVmJm511pBHUxPLtp0BUISzlBplORYSmTclCnJvQq2tKu/sgl3xVpkc7ZWuQQ==}
    engines: {node: '>=6'}
    dev: true

  /yargs-parser/20.2.9:
    resolution: {integrity: sha512-y11nGElTIV+CT3Zv9t7VKl+Q3hTQoT9a1Qzezhhl6Rp21gJ/IVTW7Z3y9EWXhuUBC2Shnf+DX0antecpAwSP8w==}
    engines: {node: '>=10'}
    dev: true
